
Microsoft Visual Studio Solution File, Format Version 12.00
# Visual Studio Version 17
VisualStudioVersion = 17.12.35506.116
MinimumVisualStudioVersion = 10.0.40219.1
Project("{FAE04EC0-301F-11D3-BF4B-00C04F79EFBC}") = "UltimaPrueba", "UltimaPrueba\UltimaPrueba.csproj", "{6CEE580C-EA86-42F5-893F-34659A06F42C}"
EndProject
Project("{2150E333-8FDC-42A3-9474-1A3956D46DE8}") = "Solution Items", "Solution Items", "{4DF74962-C6E8-4A5B-8631-1B80CA3FF3BF}"
	ProjectSection(SolutionItems) = preProject
		.editorconfig = .editorconfig
	EndProjectSection
EndProject
Global
	GlobalSection(SolutionConfigurationPlatforms) = preSolution
		Debug|Any CPU = Debug|Any CPU
		Release|Any CPU = Release|Any CPU
	EndGlobalSection
	GlobalSection(ProjectConfigurationPlatforms) = postSolution
		{6CEE580C-EA86-42F5-893F-34659A06F42C}.Debug|Any CPU.ActiveCfg = Debug|Any CPU
		{6CEE580C-EA86-42F5-893F-34659A06F42C}.Debug|Any CPU.Build.0 = Debug|Any CPU
		{6CEE580C-EA86-42F5-893F-34659A06F42C}.Release|Any CPU.ActiveCfg = Release|Any CPU
		{6CEE580C-EA86-42F5-893F-34659A06F42C}.Release|Any CPU.Build.0 = Release|Any CPU
	EndGlobalSection
	GlobalSection(SolutionProperties) = preSolution
		HideSolutionNode = FALSE
	EndGlobalSection
EndGlobal
